
Microsoft Visual Studio Solution File, Format Version 12.00
# Visual Studio Version 16
VisualStudioVersion = 16.0.29709.97
MinimumVisualStudioVersion = 10.0.40219.1
Project("{9A19103F-16F7-4668-BE54-9A1E7A4F7556}") = "GrKouk.Shared.Mobile.Dtos", "GrKouk.Shared.Mobile.Dtos\GrKouk.Shared.Mobile.Dtos.csproj", "{E81F9585-58F3-4552-A7F8-9C02CF72A0AE}"
EndProject
Project("{9A19103F-16F7-4668-BE54-9A1E7A4F7556}") = "GrKouk.Shared.Core", "GrKouk.Shared.Core\GrKouk.Shared.Core.csproj", "{F02F3DC9-6825-4BA6-A485-786BB800AC2B}"
EndProject
Project("{FAE04EC0-301F-11D3-BF4B-00C04F79EFBC}") = "GrKouk.Shared.Definitions", "GrKouk.Shared.Definitions\GrKouk.Shared.Definitions.csproj", "{0821ABE7-4E46-4B1E-8440-92B199D075CE}"
EndProject
Global
	GlobalSection(SolutionConfigurationPlatforms) = preSolution
		Debug|Any CPU = Debug|Any CPU
		Release|Any CPU = Release|Any CPU
	EndGlobalSection
	GlobalSection(ProjectConfigurationPlatforms) = postSolution
		{E81F9585-58F3-4552-A7F8-9C02CF72A0AE}.Debug|Any CPU.ActiveCfg = Debug|Any CPU
		{E81F9585-58F3-4552-A7F8-9C02CF72A0AE}.Debug|Any CPU.Build.0 = Debug|Any CPU
		{E81F9585-58F3-4552-A7F8-9C02CF72A0AE}.Release|Any CPU.ActiveCfg = Release|Any CPU
		{E81F9585-58F3-4552-A7F8-9C02CF72A0AE}.Release|Any CPU.Build.0 = Release|Any CPU
		{F02F3DC9-6825-4BA6-A485-786BB800AC2B}.Debug|Any CPU.ActiveCfg = Debug|Any CPU
		{F02F3DC9-6825-4BA6-A485-786BB800AC2B}.Debug|Any CPU.Build.0 = Debug|Any CPU
		{F02F3DC9-6825-4BA6-A485-786BB800AC2B}.Release|Any CPU.ActiveCfg = Release|Any CPU
		{F02F3DC9-6825-4BA6-A485-786BB800AC2B}.Release|Any CPU.Build.0 = Release|Any CPU
		{0821ABE7-4E46-4B1E-8440-92B199D075CE}.Debug|Any CPU.ActiveCfg = Debug|Any CPU
		{0821ABE7-4E46-4B1E-8440-92B199D075CE}.Debug|Any CPU.Build.0 = Debug|Any CPU
		{0821ABE7-4E46-4B1E-8440-92B199D075CE}.Release|Any CPU.ActiveCfg = Release|Any CPU
		{0821ABE7-4E46-4B1E-8440-92B199D075CE}.Release|Any CPU.Build.0 = Release|Any CPU
	EndGlobalSection
	GlobalSection(SolutionProperties) = preSolution
		HideSolutionNode = FALSE
	EndGlobalSection
	GlobalSection(ExtensibilityGlobals) = postSolution
		SolutionGuid = {5F0C97D3-ACD2-4A65-AD4A-DE2DE0620324}
	EndGlobalSection
EndGlobal
